// !$*UTF8*$!
{
	archiveVersion = 1;
	classes = {
	};
	objectVersion = 50;
	objects = {

/* Begin PBXBuildFile section */
		DD120532246AABB7009FACF5 /* AppDelegate.swift in Sources */ = {isa = PBXBuildFile; fileRef = DD120531246AABB7009FACF5 /* AppDelegate.swift */; };
		DD120534246AABB7009FACF5 /* SceneDelegate.swift in Sources */ = {isa = PBXBuildFile; fileRef = DD120533246AABB7009FACF5 /* SceneDelegate.swift */; };
		DD120539246AABB7009FACF5 /* Main.storyboard in Resources */ = {isa = PBXBuildFile; fileRef = DD120537246AABB7009FACF5 /* Main.storyboard */; };
		DD12053C246AABB8009FACF5 /* GetirTodo.xcdatamodeld in Sources */ = {isa = PBXBuildFile; fileRef = DD12053A246AABB8009FACF5 /* GetirTodo.xcdatamodeld */; };
		DD12053E246AABB8009FACF5 /* Assets.xcassets in Resources */ = {isa = PBXBuildFile; fileRef = DD12053D246AABB8009FACF5 /* Assets.xcassets */; };
		DD120541246AABB8009FACF5 /* LaunchScreen.storyboard in Resources */ = {isa = PBXBuildFile; fileRef = DD12053F246AABB8009FACF5 /* LaunchScreen.storyboard */; };
		DD12054C246AABB8009FACF5 /* GetirTodoTests.swift in Sources */ = {isa = PBXBuildFile; fileRef = DD12054B246AABB8009FACF5 /* GetirTodoTests.swift */; };
		DD12055F246AACD5009FACF5 /* Main.swift in Sources */ = {isa = PBXBuildFile; fileRef = DD12055E246AACD5009FACF5 /* Main.swift */; };
		DD120563246AAD16009FACF5 /* Singleton.swift in Sources */ = {isa = PBXBuildFile; fileRef = DD120562246AAD16009FACF5 /* Singleton.swift */; };
		DD120565246AAE47009FACF5 /* Module.swift in Sources */ = {isa = PBXBuildFile; fileRef = DD120564246AAE47009FACF5 /* Module.swift */; };
		DD120568246AAE9A009FACF5 /* Storyboard.swift in Sources */ = {isa = PBXBuildFile; fileRef = DD120567246AAE9A009FACF5 /* Storyboard.swift */; };
		DD12056A246AB276009FACF5 /* Coordinator.swift in Sources */ = {isa = PBXBuildFile; fileRef = DD120569246AB276009FACF5 /* Coordinator.swift */; };
		DD12056C246AB2B0009FACF5 /* Storyboarded.swift in Sources */ = {isa = PBXBuildFile; fileRef = DD12056B246AB2B0009FACF5 /* Storyboarded.swift */; };
		DD12056F246AB4C2009FACF5 /* BaseViewController.swift in Sources */ = {isa = PBXBuildFile; fileRef = DD12056E246AB4C2009FACF5 /* BaseViewController.swift */; };
		DD120571246AB4E6009FACF5 /* StoryboardedViewController.swift in Sources */ = {isa = PBXBuildFile; fileRef = DD120570246AB4E6009FACF5 /* StoryboardedViewController.swift */; };
		DD120573246AB66C009FACF5 /* MainViewController.swift in Sources */ = {isa = PBXBuildFile; fileRef = DD120572246AB66C009FACF5 /* MainViewController.swift */; };
		DD414478246B27D4006745B4 /* Orm.swift in Sources */ = {isa = PBXBuildFile; fileRef = DD414477246B27D4006745B4 /* Orm.swift */; };
		DD41447A246B30FA006745B4 /* TableVC.swift in Sources */ = {isa = PBXBuildFile; fileRef = DD414479246B30FA006745B4 /* TableVC.swift */; };
		DD41447D246B3161006745B4 /* TodoCell.swift in Sources */ = {isa = PBXBuildFile; fileRef = DD41447B246B3161006745B4 /* TodoCell.swift */; };
		DD41447E246B3161006745B4 /* TodoCell.xib in Resources */ = {isa = PBXBuildFile; fileRef = DD41447C246B3161006745B4 /* TodoCell.xib */; };
		DD414480246B3730006745B4 /* NibbedCell.swift in Sources */ = {isa = PBXBuildFile; fileRef = DD41447F246B3730006745B4 /* NibbedCell.swift */; };
		DD807CA9246B838400C97539 /* TodoCellViewModel.swift in Sources */ = {isa = PBXBuildFile; fileRef = DD807CA8246B838400C97539 /* TodoCellViewModel.swift */; };
		DD807CAD246B8C9200C97539 /* DurationStatus.swift in Sources */ = {isa = PBXBuildFile; fileRef = DD807CAC246B8C9200C97539 /* DurationStatus.swift */; };
		DD807CAF246BF06200C97539 /* ToggleButton.swift in Sources */ = {isa = PBXBuildFile; fileRef = DD807CAE246BF06200C97539 /* ToggleButton.swift */; };
		DD807CB1246BF27F00C97539 /* Image.swift in Sources */ = {isa = PBXBuildFile; fileRef = DD807CB0246BF27F00C97539 /* Image.swift */; };
		DD807CB3246BFEAF00C97539 /* TodoViewModel.swift in Sources */ = {isa = PBXBuildFile; fileRef = DD807CB2246BFEAF00C97539 /* TodoViewModel.swift */; };
		DD807CB6246C003B00C97539 /* Main.strings in Resources */ = {isa = PBXBuildFile; fileRef = DD807CB5246C003B00C97539 /* Main.strings */; };
		DD807CB8246C00B200C97539 /* MainStrings.swift in Sources */ = {isa = PBXBuildFile; fileRef = DD807CB7246C00B200C97539 /* MainStrings.swift */; };
		DD807CBA246C01A100C97539 /* StringTable.swift in Sources */ = {isa = PBXBuildFile; fileRef = DD807CB9246C01A100C97539 /* StringTable.swift */; };
		DDAA3E90246C26D0008CCF60 /* Keyboard+Appear.swift in Sources */ = {isa = PBXBuildFile; fileRef = DDAA3E8F246C26D0008CCF60 /* Keyboard+Appear.swift */; };
		DDAA3E92246C51AF008CCF60 /* SnackView.swift in Sources */ = {isa = PBXBuildFile; fileRef = DDAA3E91246C51AF008CCF60 /* SnackView.swift */; };
		DDD5739C246B652F0048F81C /* TableViewModel.swift in Sources */ = {isa = PBXBuildFile; fileRef = DDD5739B246B652F0048F81C /* TableViewModel.swift */; };
		DDF5E403246AD8360009B69B /* TodoVC.swift in Sources */ = {isa = PBXBuildFile; fileRef = DDF5E402246AD8360009B69B /* TodoVC.swift */; };
		DDF5E40B246AEED50009B69B /* UIControlPublisher.swift in Sources */ = {isa = PBXBuildFile; fileRef = DDF5E40A246AEED50009B69B /* UIControlPublisher.swift */; };
		DDF5E40D246AEF180009B69B /* UIControlSubscription.swift in Sources */ = {isa = PBXBuildFile; fileRef = DDF5E40C246AEF180009B69B /* UIControlSubscription.swift */; };
		DDF5E411246AEF8C0009B69B /* UIControl+Observer.swift in Sources */ = {isa = PBXBuildFile; fileRef = DDF5E410246AEF8C0009B69B /* UIControl+Observer.swift */; };
		DDF5E413246AF1120009B69B /* MainViewModel.swift in Sources */ = {isa = PBXBuildFile; fileRef = DDF5E412246AF1120009B69B /* MainViewModel.swift */; };
		DDF5E415246AFAAC0009B69B /* CombineCompatible.swift in Sources */ = {isa = PBXBuildFile; fileRef = DDF5E414246AFAAC0009B69B /* CombineCompatible.swift */; };
		DDF5E419246B07980009B69B /* TransparentNavigationBar.swift in Sources */ = {isa = PBXBuildFile; fileRef = DDF5E418246B07980009B69B /* TransparentNavigationBar.swift */; };
		DDF5E428246B10410009B69B /* UIEdgeInsetsExtension.swift in Sources */ = {isa = PBXBuildFile; fileRef = DDF5E420246B10400009B69B /* UIEdgeInsetsExtension.swift */; };
		DDF5E429246B10410009B69B /* TabItemView.swift in Sources */ = {isa = PBXBuildFile; fileRef = DDF5E421246B10410009B69B /* TabItemView.swift */; };
		DDF5E42A246B10410009B69B /* UIViewExtension.swift in Sources */ = {isa = PBXBuildFile; fileRef = DDF5E422246B10410009B69B /* UIViewExtension.swift */; };
		DDF5E42B246B10410009B69B /* UIColorExtension.swift in Sources */ = {isa = PBXBuildFile; fileRef = DDF5E423246B10410009B69B /* UIColorExtension.swift */; };
		DDF5E42C246B10410009B69B /* ContentScrollView.swift in Sources */ = {isa = PBXBuildFile; fileRef = DDF5E424246B10410009B69B /* ContentScrollView.swift */; };
		DDF5E42D246B10410009B69B /* SwipeMenuViewController.swift in Sources */ = {isa = PBXBuildFile; fileRef = DDF5E425246B10410009B69B /* SwipeMenuViewController.swift */; };
		DDF5E42E246B10410009B69B /* TabView.swift in Sources */ = {isa = PBXBuildFile; fileRef = DDF5E426246B10410009B69B /* TabView.swift */; };
		DDF5E42F246B10410009B69B /* SwipeMenuView.swift in Sources */ = {isa = PBXBuildFile; fileRef = DDF5E427246B10410009B69B /* SwipeMenuView.swift */; };
		DDF5E431246B17D30009B69B /* UIColor+Color.swift in Sources */ = {isa = PBXBuildFile; fileRef = DDF5E430246B17D30009B69B /* UIColor+Color.swift */; };
		DDF5E433246B17DA0009B69B /* UIFont+Font.swift in Sources */ = {isa = PBXBuildFile; fileRef = DDF5E432246B17DA0009B69B /* UIFont+Font.swift */; };
		DDF5E435246B191C0009B69B /* TodoListItem.swift in Sources */ = {isa = PBXBuildFile; fileRef = DDF5E434246B191C0009B69B /* TodoListItem.swift */; };
		DDF5E437246B1BAC0009B69B /* MenuView.swift in Sources */ = {isa = PBXBuildFile; fileRef = DDF5E436246B1BAC0009B69B /* MenuView.swift */; };
		DDF5E439246B20190009B69B /* SearchView.swift in Sources */ = {isa = PBXBuildFile; fileRef = DDF5E438246B20190009B69B /* SearchView.swift */; };
		DDF5E43B246B26680009B69B /* Todo.swift in Sources */ = {isa = PBXBuildFile; fileRef = DDF5E43A246B26680009B69B /* Todo.swift */; };
		DDF8DF3C246ABFCF000775CC /* Database.swift in Sources */ = {isa = PBXBuildFile; fileRef = DDF8DF3B246ABFCF000775CC /* Database.swift */; };
		DDF8DF3E246ABFE7000775CC /* MainDatabaseManager.swift in Sources */ = {isa = PBXBuildFile; fileRef = DDF8DF3D246ABFE7000775CC /* MainDatabaseManager.swift */; };
		DDF8DF40246AC337000775CC /* MainCoordinator.swift in Sources */ = {isa = PBXBuildFile; fileRef = DDF8DF3F246AC337000775CC /* MainCoordinator.swift */; };
		DDF8DF42246AC5AE000775CC /* MainVC.swift in Sources */ = {isa = PBXBuildFile; fileRef = DDF8DF41246AC5AE000775CC /* MainVC.swift */; };
		DDF8DF44246AC5D6000775CC /* MainNavigationController.swift in Sources */ = {isa = PBXBuildFile; fileRef = DDF8DF43246AC5D6000775CC /* MainNavigationController.swift */; };
		DDF8DF48246ACB38000775CC /* Instantiable.swift in Sources */ = {isa = PBXBuildFile; fileRef = DDF8DF47246ACB38000775CC /* Instantiable.swift */; };
/* End PBXBuildFile section */

/* Begin PBXContainerItemProxy section */
		DD120548246AABB8009FACF5 /* PBXContainerItemProxy */ = {
			isa = PBXContainerItemProxy;
			containerPortal = DD120526246AABB7009FACF5 /* Project object */;
			proxyType = 1;
			remoteGlobalIDString = DD12052D246AABB7009FACF5;
			remoteInfo = GetirTodo;
		};
/* End PBXContainerItemProxy section */

/* Begin PBXFileReference section */
		DD12052E246AABB7009FACF5 /* GetirTodo.app */ = {isa = PBXFileReference; explicitFileType = wrapper.application; includeInIndex = 0; path = GetirTodo.app; sourceTree = BUILT_PRODUCTS_DIR; };
		DD120531246AABB7009FACF5 /* AppDelegate.swift */ = {isa = PBXFileReference; lastKnownFileType = sourcecode.swift; path = AppDelegate.swift; sourceTree = "<group>"; };
		DD120533246AABB7009FACF5 /* SceneDelegate.swift */ = {isa = PBXFileReference; lastKnownFileType = sourcecode.swift; path = SceneDelegate.swift; sourceTree = "<group>"; };
		DD120538246AABB7009FACF5 /* Base */ = {isa = PBXFileReference; lastKnownFileType = file.storyboard; name = Base; path = Base.lproj/Main.storyboard; sourceTree = "<group>"; };
		DD12053B246AABB8009FACF5 /* GetirTodo.xcdatamodel */ = {isa = PBXFileReference; lastKnownFileType = wrapper.xcdatamodel; path = GetirTodo.xcdatamodel; sourceTree = "<group>"; };
		DD12053D246AABB8009FACF5 /* Assets.xcassets */ = {isa = PBXFileReference; lastKnownFileType = folder.assetcatalog; path = Assets.xcassets; sourceTree = "<group>"; };
		DD120540246AABB8009FACF5 /* Base */ = {isa = PBXFileReference; lastKnownFileType = file.storyboard; name = Base; path = Base.lproj/LaunchScreen.storyboard; sourceTree = "<group>"; };
		DD120542246AABB8009FACF5 /* Info.plist */ = {isa = PBXFileReference; lastKnownFileType = text.plist.xml; path = Info.plist; sourceTree = "<group>"; };
		DD120547246AABB8009FACF5 /* GetirTodoTests.xctest */ = {isa = PBXFileReference; explicitFileType = wrapper.cfbundle; includeInIndex = 0; path = GetirTodoTests.xctest; sourceTree = BUILT_PRODUCTS_DIR; };
		DD12054B246AABB8009FACF5 /* GetirTodoTests.swift */ = {isa = PBXFileReference; lastKnownFileType = sourcecode.swift; path = GetirTodoTests.swift; sourceTree = "<group>"; };
		DD12054D246AABB8009FACF5 /* Info.plist */ = {isa = PBXFileReference; lastKnownFileType = text.plist.xml; path = Info.plist; sourceTree = "<group>"; };
		DD12055E246AACD5009FACF5 /* Main.swift */ = {isa = PBXFileReference; lastKnownFileType = sourcecode.swift; path = Main.swift; sourceTree = "<group>"; };
		DD120562246AAD16009FACF5 /* Singleton.swift */ = {isa = PBXFileReference; lastKnownFileType = sourcecode.swift; path = Singleton.swift; sourceTree = "<group>"; };
		DD120564246AAE47009FACF5 /* Module.swift */ = {isa = PBXFileReference; lastKnownFileType = sourcecode.swift; path = Module.swift; sourceTree = "<group>"; };
		DD120567246AAE9A009FACF5 /* Storyboard.swift */ = {isa = PBXFileReference; lastKnownFileType = sourcecode.swift; path = Storyboard.swift; sourceTree = "<group>"; };
		DD120569246AB276009FACF5 /* Coordinator.swift */ = {isa = PBXFileReference; lastKnownFileType = sourcecode.swift; path = Coordinator.swift; sourceTree = "<group>"; };
		DD12056B246AB2B0009FACF5 /* Storyboarded.swift */ = {isa = PBXFileReference; lastKnownFileType = sourcecode.swift; path = Storyboarded.swift; sourceTree = "<group>"; };
		DD12056E246AB4C2009FACF5 /* BaseViewController.swift */ = {isa = PBXFileReference; lastKnownFileType = sourcecode.swift; path = BaseViewController.swift; sourceTree = "<group>"; };
		DD120570246AB4E6009FACF5 /* StoryboardedViewController.swift */ = {isa = PBXFileReference; lastKnownFileType = sourcecode.swift; path = StoryboardedViewController.swift; sourceTree = "<group>"; };
		DD120572246AB66C009FACF5 /* MainViewController.swift */ = {isa = PBXFileReference; lastKnownFileType = sourcecode.swift; path = MainViewController.swift; sourceTree = "<group>"; };
		DD414477246B27D4006745B4 /* Orm.swift */ = {isa = PBXFileReference; lastKnownFileType = sourcecode.swift; path = Orm.swift; sourceTree = "<group>"; };
		DD414479246B30FA006745B4 /* TableVC.swift */ = {isa = PBXFileReference; lastKnownFileType = sourcecode.swift; path = TableVC.swift; sourceTree = "<group>"; };
		DD41447B246B3161006745B4 /* TodoCell.swift */ = {isa = PBXFileReference; lastKnownFileType = sourcecode.swift; path = TodoCell.swift; sourceTree = "<group>"; };
		DD41447C246B3161006745B4 /* TodoCell.xib */ = {isa = PBXFileReference; lastKnownFileType = file.xib; path = TodoCell.xib; sourceTree = "<group>"; };
		DD41447F246B3730006745B4 /* NibbedCell.swift */ = {isa = PBXFileReference; lastKnownFileType = sourcecode.swift; path = NibbedCell.swift; sourceTree = "<group>"; };
		DD807CA8246B838400C97539 /* TodoCellViewModel.swift */ = {isa = PBXFileReference; lastKnownFileType = sourcecode.swift; path = TodoCellViewModel.swift; sourceTree = "<group>"; };
		DD807CAC246B8C9200C97539 /* DurationStatus.swift */ = {isa = PBXFileReference; lastKnownFileType = sourcecode.swift; path = DurationStatus.swift; sourceTree = "<group>"; };
		DD807CAE246BF06200C97539 /* ToggleButton.swift */ = {isa = PBXFileReference; lastKnownFileType = sourcecode.swift; path = ToggleButton.swift; sourceTree = "<group>"; };
		DD807CB0246BF27F00C97539 /* Image.swift */ = {isa = PBXFileReference; lastKnownFileType = sourcecode.swift; path = Image.swift; sourceTree = "<group>"; };
		DD807CB2246BFEAF00C97539 /* TodoViewModel.swift */ = {isa = PBXFileReference; lastKnownFileType = sourcecode.swift; path = TodoViewModel.swift; sourceTree = "<group>"; };
		DD807CB5246C003B00C97539 /* Main.strings */ = {isa = PBXFileReference; lastKnownFileType = text.plist.strings; path = Main.strings; sourceTree = "<group>"; };
		DD807CB7246C00B200C97539 /* MainStrings.swift */ = {isa = PBXFileReference; lastKnownFileType = sourcecode.swift; path = MainStrings.swift; sourceTree = "<group>"; };
		DD807CB9246C01A100C97539 /* StringTable.swift */ = {isa = PBXFileReference; lastKnownFileType = sourcecode.swift; path = StringTable.swift; sourceTree = "<group>"; };
		DDAA3E8F246C26D0008CCF60 /* Keyboard+Appear.swift */ = {isa = PBXFileReference; lastKnownFileType = sourcecode.swift; path = "Keyboard+Appear.swift"; sourceTree = "<group>"; };
		DDAA3E91246C51AF008CCF60 /* SnackView.swift */ = {isa = PBXFileReference; lastKnownFileType = sourcecode.swift; path = SnackView.swift; sourceTree = "<group>"; };
		DDD5739B246B652F0048F81C /* TableViewModel.swift */ = {isa = PBXFileReference; lastKnownFileType = sourcecode.swift; path = TableViewModel.swift; sourceTree = "<group>"; };
		DDF5E402246AD8360009B69B /* TodoVC.swift */ = {isa = PBXFileReference; lastKnownFileType = sourcecode.swift; path = TodoVC.swift; sourceTree = "<group>"; };
		DDF5E40A246AEED50009B69B /* UIControlPublisher.swift */ = {isa = PBXFileReference; lastKnownFileType = sourcecode.swift; path = UIControlPublisher.swift; sourceTree = "<group>"; };
		DDF5E40C246AEF180009B69B /* UIControlSubscription.swift */ = {isa = PBXFileReference; lastKnownFileType = sourcecode.swift; path = UIControlSubscription.swift; sourceTree = "<group>"; };
		DDF5E410246AEF8C0009B69B /* UIControl+Observer.swift */ = {isa = PBXFileReference; lastKnownFileType = sourcecode.swift; path = "UIControl+Observer.swift"; sourceTree = "<group>"; };
		DDF5E412246AF1120009B69B /* MainViewModel.swift */ = {isa = PBXFileReference; lastKnownFileType = sourcecode.swift; path = MainViewModel.swift; sourceTree = "<group>"; };
		DDF5E414246AFAAC0009B69B /* CombineCompatible.swift */ = {isa = PBXFileReference; lastKnownFileType = sourcecode.swift; path = CombineCompatible.swift; sourceTree = "<group>"; };
		DDF5E418246B07980009B69B /* TransparentNavigationBar.swift */ = {isa = PBXFileReference; lastKnownFileType = sourcecode.swift; path = TransparentNavigationBar.swift; sourceTree = "<group>"; };
		DDF5E420246B10400009B69B /* UIEdgeInsetsExtension.swift */ = {isa = PBXFileReference; fileEncoding = 4; lastKnownFileType = sourcecode.swift; path = UIEdgeInsetsExtension.swift; sourceTree = "<group>"; };
		DDF5E421246B10410009B69B /* TabItemView.swift */ = {isa = PBXFileReference; fileEncoding = 4; lastKnownFileType = sourcecode.swift; path = TabItemView.swift; sourceTree = "<group>"; };
		DDF5E422246B10410009B69B /* UIViewExtension.swift */ = {isa = PBXFileReference; fileEncoding = 4; lastKnownFileType = sourcecode.swift; path = UIViewExtension.swift; sourceTree = "<group>"; };
		DDF5E423246B10410009B69B /* UIColorExtension.swift */ = {isa = PBXFileReference; fileEncoding = 4; lastKnownFileType = sourcecode.swift; path = UIColorExtension.swift; sourceTree = "<group>"; };
		DDF5E424246B10410009B69B /* ContentScrollView.swift */ = {isa = PBXFileReference; fileEncoding = 4; lastKnownFileType = sourcecode.swift; path = ContentScrollView.swift; sourceTree = "<group>"; };
		DDF5E425246B10410009B69B /* SwipeMenuViewController.swift */ = {isa = PBXFileReference; fileEncoding = 4; lastKnownFileType = sourcecode.swift; path = SwipeMenuViewController.swift; sourceTree = "<group>"; };
		DDF5E426246B10410009B69B /* TabView.swift */ = {isa = PBXFileReference; fileEncoding = 4; lastKnownFileType = sourcecode.swift; path = TabView.swift; sourceTree = "<group>"; };
		DDF5E427246B10410009B69B /* SwipeMenuView.swift */ = {isa = PBXFileReference; fileEncoding = 4; lastKnownFileType = sourcecode.swift; path = SwipeMenuView.swift; sourceTree = "<group>"; };
		DDF5E430246B17D30009B69B /* UIColor+Color.swift */ = {isa = PBXFileReference; lastKnownFileType = sourcecode.swift; path = "UIColor+Color.swift"; sourceTree = "<group>"; };
		DDF5E432246B17DA0009B69B /* UIFont+Font.swift */ = {isa = PBXFileReference; lastKnownFileType = sourcecode.swift; path = "UIFont+Font.swift"; sourceTree = "<group>"; };
		DDF5E434246B191C0009B69B /* TodoListItem.swift */ = {isa = PBXFileReference; lastKnownFileType = sourcecode.swift; path = TodoListItem.swift; sourceTree = "<group>"; };
		DDF5E436246B1BAC0009B69B /* MenuView.swift */ = {isa = PBXFileReference; lastKnownFileType = sourcecode.swift; path = MenuView.swift; sourceTree = "<group>"; };
		DDF5E438246B20190009B69B /* SearchView.swift */ = {isa = PBXFileReference; lastKnownFileType = sourcecode.swift; path = SearchView.swift; sourceTree = "<group>"; };
		DDF5E43A246B26680009B69B /* Todo.swift */ = {isa = PBXFileReference; lastKnownFileType = sourcecode.swift; path = Todo.swift; sourceTree = "<group>"; };
		DDF8DF3B246ABFCF000775CC /* Database.swift */ = {isa = PBXFileReference; lastKnownFileType = sourcecode.swift; path = Database.swift; sourceTree = "<group>"; };
		DDF8DF3D246ABFE7000775CC /* MainDatabaseManager.swift */ = {isa = PBXFileReference; lastKnownFileType = sourcecode.swift; path = MainDatabaseManager.swift; sourceTree = "<group>"; };
		DDF8DF3F246AC337000775CC /* MainCoordinator.swift */ = {isa = PBXFileReference; lastKnownFileType = sourcecode.swift; path = MainCoordinator.swift; sourceTree = "<group>"; };
		DDF8DF41246AC5AE000775CC /* MainVC.swift */ = {isa = PBXFileReference; lastKnownFileType = sourcecode.swift; path = MainVC.swift; sourceTree = "<group>"; };
		DDF8DF43246AC5D6000775CC /* MainNavigationController.swift */ = {isa = PBXFileReference; lastKnownFileType = sourcecode.swift; path = MainNavigationController.swift; sourceTree = "<group>"; };
		DDF8DF47246ACB38000775CC /* Instantiable.swift */ = {isa = PBXFileReference; lastKnownFileType = sourcecode.swift; path = Instantiable.swift; sourceTree = "<group>"; };
/* End PBXFileReference section */

/* Begin PBXFrameworksBuildPhase section */
		DD12052B246AABB7009FACF5 /* Frameworks */ = {
			isa = PBXFrameworksBuildPhase;
			buildActionMask = 2147483647;
			files = (
			);
			runOnlyForDeploymentPostprocessing = 0;
		};
		DD120544246AABB8009FACF5 /* Frameworks */ = {
			isa = PBXFrameworksBuildPhase;
			buildActionMask = 2147483647;
			files = (
			);
			runOnlyForDeploymentPostprocessing = 0;
		};
/* End PBXFrameworksBuildPhase section */

/* Begin PBXGroup section */
		DD120525246AABB7009FACF5 = {
			isa = PBXGroup;
			children = (
				DD120530246AABB7009FACF5 /* GetirTodo */,
				DD12054A246AABB8009FACF5 /* GetirTodoTests */,
				DD12052F246AABB7009FACF5 /* Products */,
			);
			sourceTree = "<group>";
		};
		DD12052F246AABB7009FACF5 /* Products */ = {
			isa = PBXGroup;
			children = (
				DD12052E246AABB7009FACF5 /* GetirTodo.app */,
				DD120547246AABB8009FACF5 /* GetirTodoTests.xctest */,
			);
			name = Products;
			sourceTree = "<group>";
		};
		DD120530246AABB7009FACF5 /* GetirTodo */ = {
			isa = PBXGroup;
			children = (
				DD120556246AAC7D009FACF5 /* Application */,
				DD5EAB7C246E79A400917DC9 /* Core */,
				DD120560246AACE9009FACF5 /* Utilities */,
				DD120531246AABB7009FACF5 /* AppDelegate.swift */,
				DD120533246AABB7009FACF5 /* SceneDelegate.swift */,
				DD12053D246AABB8009FACF5 /* Assets.xcassets */,
				DD12053F246AABB8009FACF5 /* LaunchScreen.storyboard */,
				DD12053A246AABB8009FACF5 /* GetirTodo.xcdatamodeld */,
				DD120542246AABB8009FACF5 /* Info.plist */,
			);
			path = GetirTodo;
			sourceTree = "<group>";
		};
		DD12054A246AABB8009FACF5 /* GetirTodoTests */ = {
			isa = PBXGroup;
			children = (
				DD12054B246AABB8009FACF5 /* GetirTodoTests.swift */,
				DD12054D246AABB8009FACF5 /* Info.plist */,
			);
			path = GetirTodoTests;
			sourceTree = "<group>";
		};
		DD120556246AAC7D009FACF5 /* Application */ = {
			isa = PBXGroup;
			children = (
				DD120557246AAC84009FACF5 /* Main */,
			);
			path = Application;
			sourceTree = "<group>";
		};
		DD120557246AAC84009FACF5 /* Main */ = {
			isa = PBXGroup;
			children = (
				DD12055E246AACD5009FACF5 /* Main.swift */,
				DD120558246AAC8A009FACF5 /* Resource */,
				DD120574246AB6F6009FACF5 /* Coordinator */,
				DD120559246AAC95009FACF5 /* ViewControllers */,
				DD12055A246AACA1009FACF5 /* Views */,
				DD12055B246AACA9009FACF5 /* Models */,
				DD12055C246AACAF009FACF5 /* ViewModels */,
				DD12055D246AACBA009FACF5 /* Managers */,
				DD807CB4246BFFF500C97539 /* Strings */,
			);
			path = Main;
			sourceTree = "<group>";
		};
		DD120558246AAC8A009FACF5 /* Resource */ = {
			isa = PBXGroup;
			children = (
				DD120537246AABB7009FACF5 /* Main.storyboard */,
				DD41447C246B3161006745B4 /* TodoCell.xib */,
			);
			path = Resource;
			sourceTree = "<group>";
		};
		DD120559246AAC95009FACF5 /* ViewControllers */ = {
			isa = PBXGroup;
			children = (
				DDF8DF41246AC5AE000775CC /* MainVC.swift */,
				DD414479246B30FA006745B4 /* TableVC.swift */,
				DDF5E402246AD8360009B69B /* TodoVC.swift */,
			);
			path = ViewControllers;
			sourceTree = "<group>";
		};
		DD12055A246AACA1009FACF5 /* Views */ = {
			isa = PBXGroup;
			children = (
				DDF5E418246B07980009B69B /* TransparentNavigationBar.swift */,
				DDF5E436246B1BAC0009B69B /* MenuView.swift */,
				DDF5E438246B20190009B69B /* SearchView.swift */,
				DD41447B246B3161006745B4 /* TodoCell.swift */,
				DD807CAE246BF06200C97539 /* ToggleButton.swift */,
				DDAA3E91246C51AF008CCF60 /* SnackView.swift */,
			);
			path = Views;
			sourceTree = "<group>";
		};
		DD12055B246AACA9009FACF5 /* Models */ = {
			isa = PBXGroup;
			children = (
				DD807CB0246BF27F00C97539 /* Image.swift */,
				DDF5E434246B191C0009B69B /* TodoListItem.swift */,
				DDF5E43A246B26680009B69B /* Todo.swift */,
				DD807CAC246B8C9200C97539 /* DurationStatus.swift */,
			);
			path = Models;
			sourceTree = "<group>";
		};
		DD12055C246AACAF009FACF5 /* ViewModels */ = {
			isa = PBXGroup;
			children = (
				DDF5E412246AF1120009B69B /* MainViewModel.swift */,
				DDD5739B246B652F0048F81C /* TableViewModel.swift */,
				DD807CB2246BFEAF00C97539 /* TodoViewModel.swift */,
				DD807CA8246B838400C97539 /* TodoCellViewModel.swift */,
			);
			path = ViewModels;
			sourceTree = "<group>";
		};
		DD12055D246AACBA009FACF5 /* Managers */ = {
			isa = PBXGroup;
			children = (
				DDF8DF3D246ABFE7000775CC /* MainDatabaseManager.swift */,
			);
			path = Managers;
			sourceTree = "<group>";
		};
		DD120560246AACE9009FACF5 /* Utilities */ = {
			isa = PBXGroup;
			children = (
				DDF5E41F246B102D0009B69B /* SwipeMenu */,
				DDF5E409246AEE9B0009B69B /* Reactive */,
				DD120579246AB9AA009FACF5 /* ViewComponents */,
			);
			path = Utilities;
			sourceTree = "<group>";
		};
		DD120561246AAD0A009FACF5 /* Protocols */ = {
			isa = PBXGroup;
			children = (
				DD120562246AAD16009FACF5 /* Singleton.swift */,
				DD120564246AAE47009FACF5 /* Module.swift */,
				DDF8DF3B246ABFCF000775CC /* Database.swift */,
				DD414477246B27D4006745B4 /* Orm.swift */,
				DD807CB9246C01A100C97539 /* StringTable.swift */,
			);
			path = Protocols;
			sourceTree = "<group>";
		};
		DD120566246AAE8E009FACF5 /* Enums */ = {
			isa = PBXGroup;
			children = (
				DD120567246AAE9A009FACF5 /* Storyboard.swift */,
			);
			path = Enums;
			sourceTree = "<group>";
		};
		DD120574246AB6F6009FACF5 /* Coordinator */ = {
			isa = PBXGroup;
			children = (
				DDF8DF43246AC5D6000775CC /* MainNavigationController.swift */,
				DD120572246AB66C009FACF5 /* MainViewController.swift */,
				DDF8DF3F246AC337000775CC /* MainCoordinator.swift */,
			);
			path = Coordinator;
			sourceTree = "<group>";
		};
		DD120575246AB8AE009FACF5 /* Generics */ = {
			isa = PBXGroup;
			children = (
				DD120566246AAE8E009FACF5 /* Enums */,
				DD120561246AAD0A009FACF5 /* Protocols */,
			);
			path = Generics;
			sourceTree = "<group>";
		};
		DD120576246AB8B8009FACF5 /* Coordinator */ = {
			isa = PBXGroup;
			children = (
				DD120578246AB8E6009FACF5 /* ViewControllers */,
				DD120577246AB8E0009FACF5 /* Protocols */,
			);
			path = Coordinator;
			sourceTree = "<group>";
		};
		DD120577246AB8E0009FACF5 /* Protocols */ = {
			isa = PBXGroup;
			children = (
				DD12056B246AB2B0009FACF5 /* Storyboarded.swift */,
				DD120569246AB276009FACF5 /* Coordinator.swift */,
				DDF8DF47246ACB38000775CC /* Instantiable.swift */,
			);
			path = Protocols;
			sourceTree = "<group>";
		};
		DD120578246AB8E6009FACF5 /* ViewControllers */ = {
			isa = PBXGroup;
			children = (
				DD120570246AB4E6009FACF5 /* StoryboardedViewController.swift */,
			);
			path = ViewControllers;
			sourceTree = "<group>";
		};
		DD120579246AB9AA009FACF5 /* ViewComponents */ = {
			isa = PBXGroup;
			children = (
				DD12056E246AB4C2009FACF5 /* BaseViewController.swift */,
				DDF5E410246AEF8C0009B69B /* UIControl+Observer.swift */,
				DDF5E430246B17D30009B69B /* UIColor+Color.swift */,
				DDF5E432246B17DA0009B69B /* UIFont+Font.swift */,
				DD41447F246B3730006745B4 /* NibbedCell.swift */,
				DDAA3E8F246C26D0008CCF60 /* Keyboard+Appear.swift */,
			);
			path = ViewComponents;
			sourceTree = "<group>";
		};
		DD5EAB7C246E79A400917DC9 /* Core */ = {
			isa = PBXGroup;
			children = (
				DD120576246AB8B8009FACF5 /* Coordinator */,
				DD120575246AB8AE009FACF5 /* Generics */,
			);
			path = Core;
			sourceTree = "<group>";
		};
		DD807CB4246BFFF500C97539 /* Strings */ = {
			isa = PBXGroup;
			children = (
				DD807CB5246C003B00C97539 /* Main.strings */,
				DD807CB7246C00B200C97539 /* MainStrings.swift */,
			);
			path = Strings;
			sourceTree = "<group>";
		};
		DDF5E409246AEE9B0009B69B /* Reactive */ = {
			isa = PBXGroup;
			children = (
				DDF5E40A246AEED50009B69B /* UIControlPublisher.swift */,
				DDF5E40C246AEF180009B69B /* UIControlSubscription.swift */,
				DDF5E414246AFAAC0009B69B /* CombineCompatible.swift */,
			);
			path = Reactive;
			sourceTree = "<group>";
		};
		DDF5E41F246B102D0009B69B /* SwipeMenu */ = {
			isa = PBXGroup;
			children = (
				DDF5E424246B10410009B69B /* ContentScrollView.swift */,
				DDF5E427246B10410009B69B /* SwipeMenuView.swift */,
				DDF5E425246B10410009B69B /* SwipeMenuViewController.swift */,
				DDF5E421246B10410009B69B /* TabItemView.swift */,
				DDF5E426246B10410009B69B /* TabView.swift */,
				DDF5E423246B10410009B69B /* UIColorExtension.swift */,
				DDF5E420246B10400009B69B /* UIEdgeInsetsExtension.swift */,
				DDF5E422246B10410009B69B /* UIViewExtension.swift */,
			);
			path = SwipeMenu;
			sourceTree = "<group>";
		};
/* End PBXGroup section */

/* Begin PBXNativeTarget section */
		DD12052D246AABB7009FACF5 /* GetirTodo */ = {
			isa = PBXNativeTarget;
			buildConfigurationList = DD120550246AABB8009FACF5 /* Build configuration list for PBXNativeTarget "GetirTodo" */;
			buildPhases = (
				DD12052A246AABB7009FACF5 /* Sources */,
				DD12052B246AABB7009FACF5 /* Frameworks */,
				DD12052C246AABB7009FACF5 /* Resources */,
			);
			buildRules = (
			);
			dependencies = (
			);
			name = GetirTodo;
			productName = GetirTodo;
			productReference = DD12052E246AABB7009FACF5 /* GetirTodo.app */;
			productType = "com.apple.product-type.application";
		};
		DD120546246AABB8009FACF5 /* GetirTodoTests */ = {
			isa = PBXNativeTarget;
			buildConfigurationList = DD120553246AABB8009FACF5 /* Build configuration list for PBXNativeTarget "GetirTodoTests" */;
			buildPhases = (
				DD120543246AABB8009FACF5 /* Sources */,
				DD120544246AABB8009FACF5 /* Frameworks */,
				DD120545246AABB8009FACF5 /* Resources */,
			);
			buildRules = (
			);
			dependencies = (
				DD120549246AABB8009FACF5 /* PBXTargetDependency */,
			);
			name = GetirTodoTests;
			productName = GetirTodoTests;
			productReference = DD120547246AABB8009FACF5 /* GetirTodoTests.xctest */;
			productType = "com.apple.product-type.bundle.unit-test";
		};
/* End PBXNativeTarget section */

/* Begin PBXProject section */
		DD120526246AABB7009FACF5 /* Project object */ = {
			isa = PBXProject;
			attributes = {
				LastSwiftUpdateCheck = 1130;
				LastUpgradeCheck = 1130;
				ORGANIZATIONNAME = "Mohamadreza Koohkan";
				TargetAttributes = {
					DD12052D246AABB7009FACF5 = {
						CreatedOnToolsVersion = 11.3;
					};
					DD120546246AABB8009FACF5 = {
						CreatedOnToolsVersion = 11.3;
						TestTargetID = DD12052D246AABB7009FACF5;
					};
				};
			};
			buildConfigurationList = DD120529246AABB7009FACF5 /* Build configuration list for PBXProject "GetirTodo" */;
			compatibilityVersion = "Xcode 9.3";
			developmentRegion = en;
			hasScannedForEncodings = 0;
			knownRegions = (
				en,
				Base,
			);
			mainGroup = DD120525246AABB7009FACF5;
			productRefGroup = DD12052F246AABB7009FACF5 /* Products */;
			projectDirPath = "";
			projectRoot = "";
			targets = (
				DD12052D246AABB7009FACF5 /* GetirTodo */,
				DD120546246AABB8009FACF5 /* GetirTodoTests */,
			);
		};
/* End PBXProject section */

/* Begin PBXResourcesBuildPhase section */
		DD12052C246AABB7009FACF5 /* Resources */ = {
			isa = PBXResourcesBuildPhase;
			buildActionMask = 2147483647;
			files = (
				DD120541246AABB8009FACF5 /* LaunchScreen.storyboard in Resources */,
				DD12053E246AABB8009FACF5 /* Assets.xcassets in Resources */,
				DD120539246AABB7009FACF5 /* Main.storyboard in Resources */,
				DD41447E246B3161006745B4 /* TodoCell.xib in Resources */,
				DD807CB6246C003B00C97539 /* Main.strings in Resources */,
			);
			runOnlyForDeploymentPostprocessing = 0;
		};
		DD120545246AABB8009FACF5 /* Resources */ = {
			isa = PBXResourcesBuildPhase;
			buildActionMask = 2147483647;
			files = (
			);
			runOnlyForDeploymentPostprocessing = 0;
		};
/* End PBXResourcesBuildPhase section */

/* Begin PBXSourcesBuildPhase section */
		DD12052A246AABB7009FACF5 /* Sources */ = {
			isa = PBXSourcesBuildPhase;
			buildActionMask = 2147483647;
			files = (
				DDF8DF44246AC5D6000775CC /* MainNavigationController.swift in Sources */,
				DD12055F246AACD5009FACF5 /* Main.swift in Sources */,
				DDF8DF42246AC5AE000775CC /* MainVC.swift in Sources */,
				DDAA3E92246C51AF008CCF60 /* SnackView.swift in Sources */,
				DDF5E437246B1BAC0009B69B /* MenuView.swift in Sources */,
				DDF5E435246B191C0009B69B /* TodoListItem.swift in Sources */,
				DD807CB8246C00B200C97539 /* MainStrings.swift in Sources */,
				DDF5E429246B10410009B69B /* TabItemView.swift in Sources */,
				DD807CAD246B8C9200C97539 /* DurationStatus.swift in Sources */,
				DDD5739C246B652F0048F81C /* TableViewModel.swift in Sources */,
				DDF5E433246B17DA0009B69B /* UIFont+Font.swift in Sources */,
				DDF5E42D246B10410009B69B /* SwipeMenuViewController.swift in Sources */,
				DDF5E42C246B10410009B69B /* ContentScrollView.swift in Sources */,
				DD120563246AAD16009FACF5 /* Singleton.swift in Sources */,
				DDF8DF3E246ABFE7000775CC /* MainDatabaseManager.swift in Sources */,
				DD12056F246AB4C2009FACF5 /* BaseViewController.swift in Sources */,
				DDF5E431246B17D30009B69B /* UIColor+Color.swift in Sources */,
				DDF5E419246B07980009B69B /* TransparentNavigationBar.swift in Sources */,
				DD120573246AB66C009FACF5 /* MainViewController.swift in Sources */,
				DDF5E42B246B10410009B69B /* UIColorExtension.swift in Sources */,
				DD41447A246B30FA006745B4 /* TableVC.swift in Sources */,
				DD807CB3246BFEAF00C97539 /* TodoViewModel.swift in Sources */,
				DDF5E40B246AEED50009B69B /* UIControlPublisher.swift in Sources */,
				DDF5E42A246B10410009B69B /* UIViewExtension.swift in Sources */,
				DD807CAF246BF06200C97539 /* ToggleButton.swift in Sources */,
				DDF5E43B246B26680009B69B /* Todo.swift in Sources */,
				DDF5E40D246AEF180009B69B /* UIControlSubscription.swift in Sources */,
				DDF5E415246AFAAC0009B69B /* CombineCompatible.swift in Sources */,
				DD807CB1246BF27F00C97539 /* Image.swift in Sources */,
				DD120532246AABB7009FACF5 /* AppDelegate.swift in Sources */,
				DD120568246AAE9A009FACF5 /* Storyboard.swift in Sources */,
				DDF5E403246AD8360009B69B /* TodoVC.swift in Sources */,
				DD120565246AAE47009FACF5 /* Module.swift in Sources */,
				DDF8DF40246AC337000775CC /* MainCoordinator.swift in Sources */,
				DD807CA9246B838400C97539 /* TodoCellViewModel.swift in Sources */,
				DDF5E413246AF1120009B69B /* MainViewModel.swift in Sources */,
				DD120534246AABB7009FACF5 /* SceneDelegate.swift in Sources */,
				DDF5E42E246B10410009B69B /* TabView.swift in Sources */,
				DD414478246B27D4006745B4 /* Orm.swift in Sources */,
				DD41447D246B3161006745B4 /* TodoCell.swift in Sources */,
				DD807CBA246C01A100C97539 /* StringTable.swift in Sources */,
				DDF5E428246B10410009B69B /* UIEdgeInsetsExtension.swift in Sources */,
				DDAA3E90246C26D0008CCF60 /* Keyboard+Appear.swift in Sources */,
				DD120571246AB4E6009FACF5 /* StoryboardedViewController.swift in Sources */,
				DD414480246B3730006745B4 /* NibbedCell.swift in Sources */,
				DDF5E411246AEF8C0009B69B /* UIControl+Observer.swift in Sources */,
				DDF5E42F246B10410009B69B /* SwipeMenuView.swift in Sources */,
				DD12056C246AB2B0009FACF5 /* Storyboarded.swift in Sources */,
				DDF5E439246B20190009B69B /* SearchView.swift in Sources */,
				DD12053C246AABB8009FACF5 /* GetirTodo.xcdatamodeld in Sources */,
				DDF8DF3C246ABFCF000775CC /* Database.swift in Sources */,
				DD12056A246AB276009FACF5 /* Coordinator.swift in Sources */,
				DDF8DF48246ACB38000775CC /* Instantiable.swift in Sources */,
			);
			runOnlyForDeploymentPostprocessing = 0;
		};
		DD120543246AABB8009FACF5 /* Sources */ = {
			isa = PBXSourcesBuildPhase;
			buildActionMask = 2147483647;
			files = (
				DD12054C246AABB8009FACF5 /* GetirTodoTests.swift in Sources */,
			);
			runOnlyForDeploymentPostprocessing = 0;
		};
/* End PBXSourcesBuildPhase section */

/* Begin PBXTargetDependency section */
		DD120549246AABB8009FACF5 /* PBXTargetDependency */ = {
			isa = PBXTargetDependency;
			target = DD12052D246AABB7009FACF5 /* GetirTodo */;
			targetProxy = DD120548246AABB8009FACF5 /* PBXContainerItemProxy */;
		};
/* End PBXTargetDependency section */

/* Begin PBXVariantGroup section */
		DD120537246AABB7009FACF5 /* Main.storyboard */ = {
			isa = PBXVariantGroup;
			children = (
				DD120538246AABB7009FACF5 /* Base */,
			);
			name = Main.storyboard;
			sourceTree = "<group>";
		};
		DD12053F246AABB8009FACF5 /* LaunchScreen.storyboard */ = {
			isa = PBXVariantGroup;
			children = (
				DD120540246AABB8009FACF5 /* Base */,
			);
			name = LaunchScreen.storyboard;
			sourceTree = "<group>";
		};
/* End PBXVariantGroup section */

/* Begin XCBuildConfiguration section */
		DD12054E246AABB8009FACF5 /* Debug */ = {
			isa = XCBuildConfiguration;
			buildSettings = {
				ALWAYS_SEARCH_USER_PATHS = NO;
				CLANG_ANALYZER_NONNULL = YES;
				CLANG_ANALYZER_NUMBER_OBJECT_CONVERSION = YES_AGGRESSIVE;
				CLANG_CXX_LANGUAGE_STANDARD = "gnu++14";
				CLANG_CXX_LIBRARY = "libc++";
				CLANG_ENABLE_MODULES = YES;
				CLANG_ENABLE_OBJC_ARC = YES;
				CLANG_ENABLE_OBJC_WEAK = YES;
				CLANG_WARN_BLOCK_CAPTURE_AUTORELEASING = YES;
				CLANG_WARN_BOOL_CONVERSION = YES;
				CLANG_WARN_COMMA = YES;
				CLANG_WARN_CONSTANT_CONVERSION = YES;
				CLANG_WARN_DEPRECATED_OBJC_IMPLEMENTATIONS = YES;
				CLANG_WARN_DIRECT_OBJC_ISA_USAGE = YES_ERROR;
				CLANG_WARN_DOCUMENTATION_COMMENTS = YES;
				CLANG_WARN_EMPTY_BODY = YES;
				CLANG_WARN_ENUM_CONVERSION = YES;
				CLANG_WARN_INFINITE_RECURSION = YES;
				CLANG_WARN_INT_CONVERSION = YES;
				CLANG_WARN_NON_LITERAL_NULL_CONVERSION = YES;
				CLANG_WARN_OBJC_IMPLICIT_RETAIN_SELF = YES;
				CLANG_WARN_OBJC_LITERAL_CONVERSION = YES;
				CLANG_WARN_OBJC_ROOT_CLASS = YES_ERROR;
				CLANG_WARN_RANGE_LOOP_ANALYSIS = YES;
				CLANG_WARN_STRICT_PROTOTYPES = YES;
				CLANG_WARN_SUSPICIOUS_MOVE = YES;
				CLANG_WARN_UNGUARDED_AVAILABILITY = YES_AGGRESSIVE;
				CLANG_WARN_UNREACHABLE_CODE = YES;
				CLANG_WARN__DUPLICATE_METHOD_MATCH = YES;
				COPY_PHASE_STRIP = NO;
				DEBUG_INFORMATION_FORMAT = dwarf;
				ENABLE_STRICT_OBJC_MSGSEND = YES;
				ENABLE_TESTABILITY = YES;
				GCC_C_LANGUAGE_STANDARD = gnu11;
				GCC_DYNAMIC_NO_PIC = NO;
				GCC_NO_COMMON_BLOCKS = YES;
				GCC_OPTIMIZATION_LEVEL = 0;
				GCC_PREPROCESSOR_DEFINITIONS = (
					"DEBUG=1",
					"$(inherited)",
				);
				GCC_WARN_64_TO_32_BIT_CONVERSION = YES;
				GCC_WARN_ABOUT_RETURN_TYPE = YES_ERROR;
				GCC_WARN_UNDECLARED_SELECTOR = YES;
				GCC_WARN_UNINITIALIZED_AUTOS = YES_AGGRESSIVE;
				GCC_WARN_UNUSED_FUNCTION = YES;
				GCC_WARN_UNUSED_VARIABLE = YES;
				IPHONEOS_DEPLOYMENT_TARGET = 13.2;
				MTL_ENABLE_DEBUG_INFO = INCLUDE_SOURCE;
				MTL_FAST_MATH = YES;
				ONLY_ACTIVE_ARCH = YES;
				SDKROOT = iphoneos;
				SWIFT_ACTIVE_COMPILATION_CONDITIONS = DEBUG;
				SWIFT_OPTIMIZATION_LEVEL = "-Onone";
			};
			name = Debug;
		};
		DD12054F246AABB8009FACF5 /* Release */ = {
			isa = XCBuildConfiguration;
			buildSettings = {
				ALWAYS_SEARCH_USER_PATHS = NO;
				CLANG_ANALYZER_NONNULL = YES;
				CLANG_ANALYZER_NUMBER_OBJECT_CONVERSION = YES_AGGRESSIVE;
				CLANG_CXX_LANGUAGE_STANDARD = "gnu++14";
				CLANG_CXX_LIBRARY = "libc++";
				CLANG_ENABLE_MODULES = YES;
				CLANG_ENABLE_OBJC_ARC = YES;
				CLANG_ENABLE_OBJC_WEAK = YES;
				CLANG_WARN_BLOCK_CAPTURE_AUTORELEASING = YES;
				CLANG_WARN_BOOL_CONVERSION = YES;
				CLANG_WARN_COMMA = YES;
				CLANG_WARN_CONSTANT_CONVERSION = YES;
				CLANG_WARN_DEPRECATED_OBJC_IMPLEMENTATIONS = YES;
				CLANG_WARN_DIRECT_OBJC_ISA_USAGE = YES_ERROR;
				CLANG_WARN_DOCUMENTATION_COMMENTS = YES;
				CLANG_WARN_EMPTY_BODY = YES;
				CLANG_WARN_ENUM_CONVERSION = YES;
				CLANG_WARN_INFINITE_RECURSION = YES;
				CLANG_WARN_INT_CONVERSION = YES;
				CLANG_WARN_NON_LITERAL_NULL_CONVERSION = YES;
				CLANG_WARN_OBJC_IMPLICIT_RETAIN_SELF = YES;
				CLANG_WARN_OBJC_LITERAL_CONVERSION = YES;
				CLANG_WARN_OBJC_ROOT_CLASS = YES_ERROR;
				CLANG_WARN_RANGE_LOOP_ANALYSIS = YES;
				CLANG_WARN_STRICT_PROTOTYPES = YES;
				CLANG_WARN_SUSPICIOUS_MOVE = YES;
				CLANG_WARN_UNGUARDED_AVAILABILITY = YES_AGGRESSIVE;
				CLANG_WARN_UNREACHABLE_CODE = YES;
				CLANG_WARN__DUPLICATE_METHOD_MATCH = YES;
				COPY_PHASE_STRIP = NO;
				DEBUG_INFORMATION_FORMAT = "dwarf-with-dsym";
				ENABLE_NS_ASSERTIONS = NO;
				ENABLE_STRICT_OBJC_MSGSEND = YES;
				GCC_C_LANGUAGE_STANDARD = gnu11;
				GCC_NO_COMMON_BLOCKS = YES;
				GCC_WARN_64_TO_32_BIT_CONVERSION = YES;
				GCC_WARN_ABOUT_RETURN_TYPE = YES_ERROR;
				GCC_WARN_UNDECLARED_SELECTOR = YES;
				GCC_WARN_UNINITIALIZED_AUTOS = YES_AGGRESSIVE;
				GCC_WARN_UNUSED_FUNCTION = YES;
				GCC_WARN_UNUSED_VARIABLE = YES;
				IPHONEOS_DEPLOYMENT_TARGET = 13.2;
				MTL_ENABLE_DEBUG_INFO = NO;
				MTL_FAST_MATH = YES;
				SDKROOT = iphoneos;
				SWIFT_COMPILATION_MODE = wholemodule;
				SWIFT_OPTIMIZATION_LEVEL = "-O";
				VALIDATE_PRODUCT = YES;
			};
			name = Release;
		};
		DD120551246AABB8009FACF5 /* Debug */ = {
			isa = XCBuildConfiguration;
			buildSettings = {
				ASSETCATALOG_COMPILER_APPICON_NAME = AppIcon;
				CODE_SIGN_STYLE = Automatic;
				DEVELOPMENT_TEAM = BPYLDK5ZR2;
				INFOPLIST_FILE = GetirTodo/Info.plist;
				IPHONEOS_DEPLOYMENT_TARGET = 13.0;
				LD_RUNPATH_SEARCH_PATHS = (
					"$(inherited)",
					"@executable_path/Frameworks",
				);
				MARKETING_VERSION = 1.0.0;
				PRODUCT_BUNDLE_IDENTIFIER = codes.mohamadreza.GetirTodo;
				PRODUCT_NAME = "$(TARGET_NAME)";
				SWIFT_VERSION = 5.0;
				TARGETED_DEVICE_FAMILY = 1;
			};
			name = Debug;
		};
		DD120552246AABB8009FACF5 /* Release */ = {
			isa = XCBuildConfiguration;
			buildSettings = {
				ASSETCATALOG_COMPILER_APPICON_NAME = AppIcon;
				CODE_SIGN_STYLE = Automatic;
				DEVELOPMENT_TEAM = BPYLDK5ZR2;
				INFOPLIST_FILE = GetirTodo/Info.plist;
				IPHONEOS_DEPLOYMENT_TARGET = 13.0;
				LD_RUNPATH_SEARCH_PATHS = (
					"$(inherited)",
					"@executable_path/Frameworks",
				);
				MARKETING_VERSION = 1.0.0;
				PRODUCT_BUNDLE_IDENTIFIER = codes.mohamadreza.GetirTodo;
				PRODUCT_NAME = "$(TARGET_NAME)";
				SWIFT_VERSION = 5.0;
				TARGETED_DEVICE_FAMILY = 1;
			};
			name = Release;
		};
		DD120554246AABB8009FACF5 /* Debug */ = {
			isa = XCBuildConfiguration;
			buildSettings = {
				ALWAYS_EMBED_SWIFT_STANDARD_LIBRARIES = YES;
				BUNDLE_LOADER = "$(TEST_HOST)";
				CODE_SIGN_STYLE = Automatic;
				DEVELOPMENT_TEAM = KXGZDK8WNM;
				INFOPLIST_FILE = GetirTodoTests/Info.plist;
				IPHONEOS_DEPLOYMENT_TARGET = 13.2;
				LD_RUNPATH_SEARCH_PATHS = (
					"$(inherited)",
					"@executable_path/Frameworks",
					"@loader_path/Frameworks",
				);
				PRODUCT_BUNDLE_IDENTIFIER = codes.mohamadreza.GetirTodoTests;
				PRODUCT_NAME = "$(TARGET_NAME)";
				SWIFT_VERSION = 5.0;
				TARGETED_DEVICE_FAMILY = "1,2";
				TEST_HOST = "$(BUILT_PRODUCTS_DIR)/GetirTodo.app/GetirTodo";
			};
			name = Debug;
		};
		DD120555246AABB8009FACF5 /* Release */ = {
			isa = XCBuildConfiguration;
			buildSettings = {
				ALWAYS_EMBED_SWIFT_STANDARD_LIBRARIES = YES;
				BUNDLE_LOADER = "$(TEST_HOST)";
				CODE_SIGN_STYLE = Automatic;
				DEVELOPMENT_TEAM = KXGZDK8WNM;
				INFOPLIST_FILE = GetirTodoTests/Info.plist;
				IPHONEOS_DEPLOYMENT_TARGET = 13.2;
				LD_RUNPATH_SEARCH_PATHS = (
					"$(inherited)",
					"@executable_path/Frameworks",
					"@loader_path/Frameworks",
				);
				PRODUCT_BUNDLE_IDENTIFIER = codes.mohamadreza.GetirTodoTests;
				PRODUCT_NAME = "$(TARGET_NAME)";
				SWIFT_VERSION = 5.0;
				TARGETED_DEVICE_FAMILY = "1,2";
				TEST_HOST = "$(BUILT_PRODUCTS_DIR)/GetirTodo.app/GetirTodo";
			};
			name = Release;
		};
/* End XCBuildConfiguration section */

/* Begin XCConfigurationList section */
		DD120529246AABB7009FACF5 /* Build configuration list for PBXProject "GetirTodo" */ = {
			isa = XCConfigurationList;
			buildConfigurations = (
				DD12054E246AABB8009FACF5 /* Debug */,
				DD12054F246AABB8009FACF5 /* Release */,
			);
			defaultConfigurationIsVisible = 0;
			defaultConfigurationName = Release;
		};
		DD120550246AABB8009FACF5 /* Build configuration list for PBXNativeTarget "GetirTodo" */ = {
			isa = XCConfigurationList;
			buildConfigurations = (
				DD120551246AABB8009FACF5 /* Debug */,
				DD120552246AABB8009FACF5 /* Release */,
			);
			defaultConfigurationIsVisible = 0;
			defaultConfigurationName = Release;
		};
		DD120553246AABB8009FACF5 /* Build configuration list for PBXNativeTarget "GetirTodoTests" */ = {
			isa = XCConfigurationList;
			buildConfigurations = (
				DD120554246AABB8009FACF5 /* Debug */,
				DD120555246AABB8009FACF5 /* Release */,
			);
			defaultConfigurationIsVisible = 0;
			defaultConfigurationName = Release;
		};
/* End XCConfigurationList section */

/* Begin XCVersionGroup section */
		DD12053A246AABB8009FACF5 /* GetirTodo.xcdatamodeld */ = {
			isa = XCVersionGroup;
			children = (
				DD12053B246AABB8009FACF5 /* GetirTodo.xcdatamodel */,
			);
			currentVersion = DD12053B246AABB8009FACF5 /* GetirTodo.xcdatamodel */;
			path = GetirTodo.xcdatamodeld;
			sourceTree = "<group>";
			versionGroupType = wrapper.xcdatamodel;
		};
/* End XCVersionGroup section */
	};
	rootObject = DD120526246AABB7009FACF5 /* Project object */;
}
